# THIS IS AN AUTOGENERATED FILE. DO NOT EDIT THIS FILE DIRECTLY.
assets/animate.css:
  development: 2018-02-17T16:37:40-05:00   07f146141537e04ee282a965d8053198
assets/banner-sidebar.jpg:
  development: 2018-02-17T16:37:41-05:00   64fb7af1363a8edf8a5757b21a4bc944
assets/banner.jpg:
  development: 2018-02-17T16:37:41-05:00   ff7485f35b6a063f09bae2ef9078fbeb
assets/bg_newsletter.jpg:
  development: 2018-02-17T16:37:41-05:00   1468ed96d46184915fdb427221158688
assets/bkg-newsletter.jpg:
  development: 2018-02-17T16:37:42-05:00   e9e2485e7d184ce5d0c5f28b0a077947
assets/blank.gif:
  development: 2018-02-17T16:37:42-05:00   325472601571f31e1bf00674c368d335
assets/blank.png:
  development: 2018-02-17T16:37:42-05:00   947f17f65f8d60dc5f66235e1bb866f5
assets/bootstrap.min.css:
  development: 2018-02-17T16:37:42-05:00   c89af0a309c8772d174ea4003d80b187
assets/bootstrap.min.js:
  development: 2018-02-17T16:37:42-05:00   ba847811448ef90d98d272aeccef2a95
assets/box-shadow-mobile.png:
  development: 2018-02-17T16:37:43-05:00   e0ff704eba2bc0223e292cae59fb555f
assets/brand1.png:
  development: 2018-02-17T16:37:43-05:00   f102499ee8224b1e25d1d90068c0501b
assets/brand2.png:
  development: 2018-02-17T16:37:43-05:00   d289e8dc3726bbf8faa603bfeb8e58e6
assets/brand3.png:
  development: 2018-02-17T16:37:43-05:00   1b6aea4655b368df5cc67254b2e43ffb
assets/brand4.png:
  development: 2018-02-17T16:37:43-05:00   3a7b237d48ddffd02fb99ba26cce6313
assets/brand5.png:
  development: 2018-02-17T16:37:44-05:00   c3f8073feec4e9182932d7fc24d2d2ec
assets/brand6.png:
  development: 2018-02-17T16:37:44-05:00   f102499ee8224b1e25d1d90068c0501b
assets/brand7.png:
  development: 2018-02-17T16:37:44-05:00   d289e8dc3726bbf8faa603bfeb8e58e6
assets/brand8.png:
  development: 2018-02-17T16:37:44-05:00   1b6aea4655b368df5cc67254b2e43ffb
assets/brand9.png:
  development: 2018-02-17T16:37:44-05:00   3a7b237d48ddffd02fb99ba26cce6313
assets/btn-cart01.png:
  development: 2018-02-17T16:37:44-05:00   3155d5dd3d0a51298e50cb8c3b55572f
assets/btn-product.png:
  development: 2018-02-17T16:37:45-05:00   36b8f2d49e4f75131c3e1ea35b87769f
assets/btn-remove01.png:
  development: 2018-02-17T16:37:45-05:00   163ba8e6026050c121fd7150dc4c1ba5
assets/btn-sidebar.png:
  development: 2018-02-17T16:37:45-05:00   be8ab0fdc419d3dcdd4b050a3bacad67
assets/cart-icon.svg:
  development: 2018-02-17T16:37:45-05:00   93bb90330cddfdd4134dd1676166ca90
assets/cart-white.svg:
  development: 2018-02-17T16:37:45-05:00   43b6e50cad1f6b290d02ac52096c029d
assets/check-box-checked.png:
  development: 2018-02-17T16:37:46-05:00   ec430fd9573909bd28aa8ea52ae849c7
assets/check-box.png:
  development: 2018-02-17T16:37:46-05:00   85e3a1ebdd4985f14293ffb0ff16d2b9
assets/checkout.css.liquid:
  development: 2018-02-17T16:37:46-05:00   5ce98847d00f85034e7c74873566b1ae
assets/checkout.scss.liquid:
  development: 2018-02-17T16:37:46-05:00   9128ce2b626e57cf0566e402284a7db3
assets/checkout_header_image.jpg:
  development: 2018-02-17T16:37:46-05:00   5a0039fb87e7bfcbdbd5776fbd2ef7f6
assets/checkout_logo.png:
  development: 2018-02-17T16:37:47-05:00   e2af1eefa41be80831704db00c6cd4d9
assets/classie.js:
  development: 2018-02-17T16:37:47-05:00   723c75fde6dc7bb3ef0f7f12584655a0
assets/color-1.png:
  development: 2018-02-17T16:37:47-05:00   e8d1e02a2ca6bd1365546606bb6efcb6
assets/color-2.png:
  development: 2018-02-17T16:37:47-05:00   d70bd70deb32832540e62c8c43303a3c
assets/color-3.png:
  development: 2018-02-17T16:37:47-05:00   f7672da2875f92f2891dc658c26f39b9
assets/color-4.png:
  development: 2018-02-17T16:37:47-05:00   7178a47a9945d7d8454916519f8e898c
assets/color-5.png:
  development: 2018-02-17T16:37:48-05:00   6c278cafa7247f66f838a3fc7e6da312
assets/color-6.png:
  development: 2018-02-17T16:37:48-05:00   50dbb543d8d663d140ba1bf0ec76d901
assets/color-7.png:
  development: 2018-02-17T16:37:48-05:00   5754eda03df4fe55861a22e9944aed3d
assets/color-8.png:
  development: 2018-02-17T16:37:48-05:00   b8dcc48fb4bec22f1f900cdf3618def1
assets/color-9.png:
  development: 2018-02-17T16:37:48-05:00   2175dbcc0554200e93395cf68419390f
assets/component.css:
  development: 2018-02-17T16:37:49-05:00   710282682c930bb220521f4059e8af02
assets/custom_size_chart_content.jpg:
  development: 2018-02-17T16:37:49-05:00   6d54963e53e5736b9d6d5ee7f6c4f633
assets/dropdown_2_menu_image_1.jpg:
  development: 2018-02-17T16:37:49-05:00   5420de69dc9d69af946fcad48e923021
assets/dropdown_2_menu_image_2.jpg:
  development: 2018-02-17T16:37:49-05:00   ebe46110ff6eda9a2c5945c8196ed000
assets/dropdown_2_menu_image_3.jpg:
  development: 2018-02-17T16:37:49-05:00   bd5eae7388c4c6e50ea094f114b212b6
assets/dropdown_4_menu_image_1.jpg:
  development: 2018-02-17T16:37:50-05:00   871ef1741dca78ea7c335fc483f1a728
assets/dropdown_5_menu_image_3.jpg:
  development: 2018-02-17T16:37:50-05:00   2ca6fecab8fa002449aef7b584d87b1d
assets/ella.js:
  development: 2018-02-17T16:37:50-05:00   1a2522115d7de53189602d743778f5da
assets/fancybox_loading.gif:
  development: 2018-02-17T16:37:50-05:00   328cc0f6c78211485058d460e80f4fa8
assets/fancybox_loading_2x.gif:
  development: 2018-02-17T16:37:51-05:00   f92938639fa894a0e8ded1c3368abe98
assets/fancybox_overlay.png:
  development: 2018-02-17T16:37:51-05:00   77aeaa52715b898b73c74d68c630330e
assets/fancybox_sprite.png:
  development: 2018-02-17T16:37:51-05:00   783d4031fe50c3d83c960911e1fbc705
assets/fancybox_sprite_2x.png:
  development: 2018-02-17T16:37:51-05:00   ed9970ce22242421e66ff150aa97fe5f
assets/favicon.ico:
  development: 2018-02-17T16:37:51-05:00   61f75be125cbb27b3d5e92882a506fb1
assets/favicon.png:
  development: 2018-02-17T16:37:52-05:00   e3376a4c4251adda2a728ad6099fa778
assets/flexslider.css:
  development: 2018-02-17T16:37:52-05:00   42433ff851d927970d981278c270525b
assets/handlebars.min.js:
  development: 2018-02-17T16:37:52-05:00   b3c11508a224ee83f86e2fc6491e9751
assets/header_checkout.jpg:
  development: 2018-02-17T16:37:52-05:00   02e51a47388bb0f7df7d00e8488b8b23
assets/i-comment.jpg:
  development: 2018-02-17T16:37:53-05:00   f6b55e27d9b4a26ddd9f2e4747e98ed2
assets/i-lang-1.png:
  development: 2018-02-17T16:37:53-05:00   3d26278264bf370ee65148c1e385405e
assets/i-lang-2.png:
  development: 2018-02-17T16:37:53-05:00   1c21c7191308ba967e8e93b8500f6758
assets/ico-view.png:
  development: 2018-02-17T16:37:53-05:00   a86373c052dac454fec0ce19256ca240
assets/icon-cc-american-express.png:
  development: 2018-02-17T16:37:53-05:00   23b9fe719ea2c587dba345e651731968
assets/icon-cc-mastercard.png:
  development: 2018-02-17T16:37:53-05:00   8cbc9da8dc3efee5db256a0c61611178
assets/icon-cc-paypal.png:
  development: 2018-02-17T16:37:54-05:00   43a293ad7a680aac5da3c265ce74d4d1
assets/icon-cc-visa.png:
  development: 2018-02-17T16:37:54-05:00   673e3e2da3d54632239105355a74c092
assets/icon-customers.png:
  development: 2018-02-17T16:37:54-05:00   40e9a151576aee28d186bfb9f67f1b03
assets/icon-customers_2x.png:
  development: 2018-02-17T16:37:54-05:00   60a567ca4961448ebde9430efded78a0
assets/icon-megamenu.png:
  development: 2018-02-17T16:37:54-05:00   b77dd7bed61572cfee4199bb24519f45
assets/icon-menu.png:
  development: 2018-02-17T16:37:55-05:00   1fd363b5901a6eed2755f0c040915021
assets/icon-search_2x.png:
  development: 2018-02-17T16:37:55-05:00   f6e60e9ffee3611d19defbf59c5eb1f4
assets/icon-share01.png:
  development: 2018-02-17T16:37:55-05:00   769b40643f36f3a67bbef1f51c758926
assets/icons_new14.png:
  development: 2018-02-17T16:37:55-05:00   827a32366a0ecf742739200fb0fd0905
assets/instafeed.min.js:
  development: 2018-02-17T16:37:55-05:00   0b6a7de95b8d11b23c8e58b12574f696
assets/jcarousel.css:
  development: 2018-02-17T16:37:55-05:00   0391e9bb62231e1df8f6da1e7b2e60b1
assets/jquery-cookie.min.js:
  development: 2018-02-17T16:37:56-05:00   9bf5c67d44d31905e57b1d1d6a7fcec0
assets/jquery.cart.min.js:
  development: 2018-02-17T16:37:56-05:00   6e7153d71e5b6a288b6d2c9661dd2fb8
assets/jquery.countdown.min.js:
  development: 2018-02-17T16:37:56-05:00   d916245beae3b86e92de0405fc875406
assets/jquery.currencies.min.js:
  development: 2018-02-17T16:37:56-05:00   fbda3f892f5bfe99013e90c545ecef31
assets/jquery.cycle.all.js:
  development: 2018-02-17T16:37:56-05:00   bc7c09ca1c59bcddb875e3138d81dfa6
assets/jquery.elevateZoom-3.0.8.min.js:
  development: 2018-02-17T16:37:57-05:00   7d62e8e92b7c9cabb8121f25c54e0b81
assets/jquery.fakecrop.js:
  development: 2018-02-17T16:37:57-05:00   19fc735661efdfaac9fc7b686c2a60c5
assets/jquery.fancybox.css:
  development: 2018-02-17T16:37:57-05:00   6c55951ce1e3115711f63f99b7501f3a
assets/jquery.fancybox.pack.js:
  development: 2018-02-17T16:37:57-05:00   cc9e759f24ba773aeef8a131889d3728
assets/jquery.fitvid.js:
  development: 2018-02-17T16:37:57-05:00   fa07f10043b891dacdb82f26fd2b42bc
assets/jquery.flexslider-min.js:
  development: 2018-02-17T16:37:57-05:00   8aea7a4e84eae41ad612833a0d51326c
assets/jquery.flexslider.js:
  development: 2018-02-17T16:37:58-05:00   c54e642c496df86d2bf921d94042c5d9
assets/jquery.history.js:
  development: 2018-02-17T16:37:58-05:00   85b23b30cba499edfb22ad402f3d5d2b
assets/jquery.jcarousel.latest.min.js:
  development: 2018-02-17T16:37:58-05:00   bbb8517c64e0be3b82fe2a6c07662388
assets/jquery.nicescroll.min.js:
  development: 2018-02-17T16:37:58-05:00   4785dc329572e76ba544666506bbb1cb
assets/jquery.pick.js:
  development: 2018-02-17T16:37:58-05:00   f96ddbc0b3ffddf2cbfabf035a5c6889
assets/jquery.products.min.js:
  development: 2018-02-17T16:37:59-05:00   31e7af51b65805116cb8c28834cd98dc
assets/jquery.themepunch.plugins.min.js:
  development: 2018-02-17T16:37:59-05:00   429795807e4193089023ceeceb3ad88c
assets/jquery.themepunch.revolution.min.js:
  development: 2018-02-17T16:37:59-05:00   40a48760de82891883322030c7c31e0d
assets/jquery.touchwipe.js:
  development: 2018-02-17T16:37:59-05:00   6fd185b32aa7350df54fd1d56b04700d
assets/lang2.js:
  development: 2018-02-17T16:38:00-05:00   0f9bbf8de424c505b2e7f389687c96a0
assets/lb_slideshow_2.jpg:
  development: 2018-02-17T16:38:00-05:00   b5796f260a0ecc9637e17a7adbba8838
assets/lb_slideshow_3.jpg:
  development: 2018-02-17T16:38:00-05:00   d0200c5c436c7711b9e8c639fe774bc4
assets/line-menu.jpg:
  development: 2018-02-17T16:38:00-05:00   8eec80bd8a796de8f2502e7513453f32
assets/loader.gif:
  development: 2018-02-17T16:38:01-05:00   4b3afb84b2b71ef56df09997a350bd04
assets/loading.gif:
  development: 2018-02-17T16:38:01-05:00   4f0d7a057ab9bf47148d131d6823bc61
assets/logo.png:
  development: 2018-02-17T16:38:01-05:00   3bccb4641f5237a7a52983ef2962b785
assets/logo_2x.png:
  development: 2018-02-17T16:38:01-05:00   a0f60f50a12041b5b9155b3577f5fd52
assets/logo_fix.png:
  development: 2018-02-17T16:38:01-05:00   95d3bc712fe4a22bcda14240071f5f7d
assets/modernizr.custom.js:
  development: 2018-02-17T16:38:02-05:00   02009db489ef4805210aafa21a6b8276
assets/owl.carousel.css:
  development: 2018-02-17T16:38:02-05:00   fb4cef8053626589abe0191f2a90ce60
assets/owl.carousel.min.js:
  development: 2018-02-17T16:38:02-05:00   2fec2de7cc7d2d9a66130311f52b5db8
assets/owl.theme.css:
  development: 2018-02-17T16:38:02-05:00   643ab047444253b543b9c77861b7207c
assets/retina-responsive.css.liquid:
  development: 2018-02-17T16:38:02-05:00   6084d5e9fe380e6f00fb285191757b43
assets/selectize.bootstrap3.css:
  development: 2018-02-17T16:38:03-05:00   a1f98c242688f482efe50a0a2ee2ed56
assets/selectize.min.js:
  development: 2018-02-17T16:38:03-05:00   c637824e647be57133edd9d786ce26ef
assets/share_email_image.png:
  development: 2018-02-17T16:38:03-05:00   55b8d7e54a87ef26d7b5fb6beb096a63
assets/slick-theme.css:
  development: 2018-02-17T16:38:03-05:00   57034d57c2b9ef857b45d5893670e146
assets/slick.min.js:
  development: 2018-02-17T16:38:03-05:00   b53bdfc29e18f4d493d775a8023fbdc8
assets/slide_left.png:
  development: 2018-02-17T16:38:04-05:00   38bd8ce841151afca0b2dfdf4aa64206
assets/slide_left_m.png:
  development: 2018-02-17T16:38:04-05:00   eec79ba8efac666712b958e2e811b3b5
assets/slide_right.png:
  development: 2018-02-17T16:38:04-05:00   e4dbba2654b01115fc9d8f549b2bdcbd
assets/slide_right_m.png:
  development: 2018-02-17T16:38:04-05:00   d0c3213eed6ef8ad096f17464ca45f21
assets/slideshow_1.jpg:
  development: 2018-02-17T16:38:05-05:00   7d81955c7b5810564cfbbfa441f17295
assets/slideshow_3.jpg:
  development: 2018-02-17T16:38:05-05:00   b6dcc8538e20bcae31a6660e932d040c
assets/social.png:
  development: 2018-02-17T16:38:05-05:00   ddcf77b292c7cfa6e12ffef67812407e
assets/social_icon_1.png:
  development: 2018-02-17T16:38:05-05:00   f026415af4e40668639116e0e6fd7522
assets/social_icon_2.png:
  development: 2018-02-17T16:38:05-05:00   757c17dd66997a9b87e68894a619c36f
assets/social_icon_3.png:
  development: 2018-02-17T16:38:06-05:00   a7791b832064eff2540a3f7a36afd59a
assets/social_icon_4.png:
  development: 2018-02-17T16:38:06-05:00   2699b6659b46e081744003f3965a555f
assets/social_icon_5.png:
  development: 2018-02-17T16:38:06-05:00   48f47e1e50c3c2b46e2899a21c7e20e2
assets/social_icon_6.png:
  development: 2018-02-17T16:38:06-05:00   3c2900e5772ffca4ed77f7df39b1da50
assets/soldout.png:
  development: 2018-02-17T16:38:06-05:00   6a7697db19e17aae7568e216c2b365af
assets/text-title.png:
  development: 2018-02-17T16:38:07-05:00   406f56e52b9ef84002ef9cf2f4b89898
assets/theme-styles-responsive.css.liquid:
  development: 2018-02-17T16:38:07-05:00   b0a0e945c88678edf3af94b99764ce24
assets/theme-styles-setting.css.liquid:
  development: 2018-02-17T16:38:07-05:00   462b744b9e5f7af89a2882bfec25ae18
assets/theme-styles.css.liquid:
  development: 2018-02-17T16:38:07-05:00   af8e60516167f559f92455ac7d167416
assets/top-banner-home-2.jpg:
  development: 2018-02-17T16:38:07-05:00   fba3e14071b57c2654174ec2290f4098
assets/top-banner-home-3.jpg:
  development: 2018-02-17T16:38:07-05:00   742c914925e6badb6e939029da010e5a
assets/wizard.png:
  development: 2018-02-17T16:38:07-05:00   1412d38d605a43092cbc1e46e98de09b
assets/wizard_2x.png:
  development: 2018-02-17T16:38:08-05:00   20e77d83f53bccf1ddf81003e98ba191
assets/wow.min.js:
  development: 2018-02-17T16:38:08-05:00   8ad2440610b7528e2d4e982686c4cd18
config/settings_data.json:
  development: 2018-02-18T20:31:58-05:00   79a1e08c24ec82ced44201b208fdc4ab
config/settings_schema.json:
  development: 2018-02-17T16:38:13-05:00   9c67fa6b05a6cc96ac705b88b3ec9f57
layout/theme.liquid:
  development: 2018-02-17T21:32:27-05:00   307449c42270ac9ee13f96cb913058dd
locales/de.json:
  development: 2018-02-17T16:38:08-05:00   8e902498fa748acb997bdb7e370795dd
locales/en.default.json:
  development: 2018-02-17T16:38:08-05:00   792193f52cf88f5a1a0e35eb305f0e55
locales/es.json:
  development: 2018-02-17T16:38:08-05:00   6e08dbc43de99427917884b4cad1bd56
locales/fr.json:
  development: 2018-02-17T16:38:08-05:00   3b3bdbbaca56ac0515272726f9bbdd18
locales/pt-BR.json:
  development: 2018-02-17T16:38:08-05:00   bf3fce6f7cc80da451762f5cb70e94e2
locales/pt-PT.json:
  development: 2018-02-17T16:38:08-05:00   52176196415a5df6015132e66cd97e1d
locales/ur.json:
  development: 2018-02-17T16:38:08-05:00   99914b932bd37a50b983c5e7c90ae93b
sections/blog-template.liquid:
  development: 2018-02-17T16:37:39-05:00   bf2285facd49131783ca0fa0e2cff2a1
sections/brands.liquid:
  development: 2018-02-17T16:37:39-05:00   fa6238565801d656780a1d62ef0ae2e1
sections/cart-template.liquid:
  development: 2018-02-19T16:23:15-05:00   e4246504259eac224a29f41315aad487
sections/collection-header.liquid:
  development: 2018-02-17T16:37:39-05:00   1fc604faea34cd69df882295affea816
sections/collection-list-template.liquid:
  development: 2018-02-17T16:37:39-05:00   0eac3a5f4ab9d06c009b12d430eea83d
sections/collection-template.liquid:
  development: 2018-02-17T16:37:39-05:00   f1d76b0238c25d66983cd6cc1f56be0a
sections/contact-template.liquid:
  development: 2018-02-17T16:37:39-05:00   961892e4e4194a0eb5537bea847d14b9
sections/faq-page.liquid:
  development: 2018-02-17T16:37:39-05:00   9888ca5733af567d16903aa0911db4ce
sections/footer.liquid:
  development: 2018-02-17T16:37:39-05:00   edfc607226df992742037aa222fc0349
sections/header.liquid:
  development: 2018-02-17T16:37:39-05:00   2ccaaedacc21c627e47dca93487a8d1b
sections/homepage-block-banner.liquid:
  development: 2018-02-17T16:37:39-05:00   8b57e50c23c97dc813f87bef0d6032f5
sections/homepage-block-new-arrivals.liquid:
  development: 2018-02-17T16:37:39-05:00   52edd2663bcdb0928f2bcb5342c06711
sections/homepage-block-three-banner.liquid:
  development: 2018-02-17T16:37:39-05:00   01478b7c33f77c3b238abfb8f35b09e8
sections/homepage-block-trending.liquid:
  development: 2018-02-17T16:37:39-05:00   b9c7e8ffe7ac30b0074e60f787d88dff
sections/homepage-custom-content-bottom.liquid:
  development: 2018-02-17T16:37:39-05:00   ca8558454cf24ea2fe41457d381e6565
sections/homepage-instagram.liquid:
  development: 2018-02-17T16:37:39-05:00   1c646c700b0810daca764ea4f7d19389
sections/list-collection.liquid:
  development: 2018-02-17T16:37:39-05:00   083aa661c753f0b7ca98d9d6e6fbae30
sections/lookbook.liquid:
  development: 2018-02-17T16:37:39-05:00   cb9336f652e9dfd8477ad9349d52f994
sections/navigation.liquid:
  development: 2018-02-17T16:37:39-05:00   17f8cf58d84d479dcc87676eeb0f4fcd
sections/product-sidebar.liquid:
  development: 2018-02-17T16:37:39-05:00   fa851996a6b8664e6837f444d3da531e
sections/product-template.liquid:
  development: 2018-02-19T16:18:19-05:00   4cd00232cf201e907b81892c3e3f0e0e
sections/recently-viewed-products.liquid:
  development: 2018-02-17T16:37:40-05:00   c2600fd5e6a216304dffbbafcd010d1d
sections/sidebar-blog.liquid:
  development: 2018-02-17T16:37:40-05:00   2d9682cc6ca718472d3bcaef4824bf69
sections/sidebar.liquid:
  development: 2018-02-17T16:37:40-05:00   20e5f9390669fceaf9eca65f6b89ec5e
sections/slideshow.liquid:
  development: 2018-02-17T16:37:40-05:00   3ddb5cdaa0dfb8ebaebdf8a605529e9b
snippets/block-new-arrivals.liquid:
  development: 2018-02-17T16:38:08-05:00   56348ab958c48350a585e8fd6c907307
snippets/blog_sidebar.liquid:
  development: 2018-02-17T16:38:08-05:00   41b3247e371227681e66666d38a95e62
snippets/breadcrumb.liquid:
  development: 2018-02-17T16:38:08-05:00   d609101f2c0d1c5525b136ba8b5c5037
snippets/collection-grid-item.liquid:
  development: 2018-02-17T16:38:08-05:00   25071b7ac76372a4dc061ceda8e5db70
snippets/collection-header.liquid:
  development: 2018-02-17T16:38:08-05:00   1ac279baeadb76049067e84f3fd9c8cc
snippets/collection-item.liquid:
  development: 2018-02-17T16:38:09-05:00   060ec18e0f20d051cf3c013e1402d942
snippets/collection-sidebar-banner-block.liquid:
  development: 2018-02-17T16:38:09-05:00   7830876ea1638458bcb4a909aba56c5d
snippets/collection-sidebar-custom-cms-block.liquid:
  development: 2018-02-17T16:38:09-05:00   031eaf87de539be0505d24dcfd215a96
snippets/collection-sidebar-featured-products.liquid:
  development: 2018-02-17T16:38:09-05:00   24a456e182c038c8143c3e5c77599c14
snippets/collection-sidebar-shop-by-blocks.liquid:
  development: 2018-02-17T16:38:09-05:00   223be39d63014a03ad7737fa317295df
snippets/collection-sidebar.liquid:
  development: 2018-02-17T16:38:09-05:00   569b5066a88335708679539ed85a2693
snippets/collection-tags.liquid:
  development: 2018-02-17T16:38:09-05:00   fb083360c9aa35b105afc41892f26ee3
snippets/comment.liquid:
  development: 2018-02-17T16:38:09-05:00   1396f3f7dacab95e2a03196d28f5d592
snippets/customer_links.liquid:
  development: 2018-02-17T16:38:09-05:00   a360026bc79199ee85f5f8464372217a
snippets/dropdown-menu.liquid:
  development: 2018-02-17T16:38:09-05:00   bb59dbb20fcea4363ce6d55e334c2c37
snippets/fb-open-graph-tags.liquid:
  development: 2018-02-17T16:38:09-05:00   dd7f6f1e40bce50c5e525fe252de9f85
snippets/footer.liquid:
  development: 2018-02-17T16:38:09-05:00   de177372991f43362d23ff9857bf6f77
snippets/footer_scripts.liquid:
  development: 2018-02-17T16:38:09-05:00   39724b89d9fb8432b1d52df2ae552d62
snippets/form-errors-custom.liquid:
  development: 2018-02-17T16:38:09-05:00   b0297cd02794b38ebfe512064ca4330b
snippets/head_fonts.liquid:
  development: 2018-02-17T16:38:09-05:00   df58cb54d954154f6867549732259fcd
snippets/head_scripts.liquid:
  development: 2018-02-17T16:38:09-05:00   70c17b24726656d303a578a47b78e4f3
snippets/head_styles.liquid:
  development: 2018-02-17T16:38:09-05:00   752fa9da340fc6c3ad5ab560d866d0b8
snippets/header.liquid:
  development: 2018-02-17T16:38:09-05:00   76b0a99051a3ef5192462b7ad6c1d235
snippets/homepage-block-newsletter.liquid:
  development: 2018-02-17T16:38:09-05:00   13c38285402cb4e0f9eef40f3b634ed7
snippets/homepage-block-three-banner-bottom.liquid:
  development: 2018-02-17T16:38:09-05:00   d836d107d46fdd95800477adace2bf72
snippets/homepage-block-three-banner.liquid:
  development: 2018-02-17T16:38:09-05:00   ec877b0ac3cb4ece4305ce20f77d4307
snippets/homepage-block-trending.liquid:
  development: 2018-02-17T16:38:09-05:00   44552dfc78cb6946ae7ae0bd9bfabadd
snippets/homepage-instagram.liquid:
  development: 2018-02-17T16:38:09-05:00   9506a06b853497dc2384a1427b3542de
snippets/icon-close.liquid:
  development: 2018-02-17T16:38:09-05:00   a04fce17a63e760b9bce76768ee29feb
snippets/icon-pause.liquid:
  development: 2018-02-17T16:38:10-05:00   99e785a63af3ab0a7ccd9c5551ea8910
snippets/icon-play-video.liquid:
  development: 2018-02-17T16:38:10-05:00   f0b736a271f33b83b319b2d04e61aa2b
snippets/item-swatch.liquid:
  development: 2018-02-17T16:38:10-05:00   1138c939134953555a5d398582508a63
snippets/linked-options.liquid:
  development: 2018-02-17T21:23:43-05:00   226b2afad22b1cbfedd5a9c81c93f16c
snippets/linklists.liquid:
  development: 2018-02-17T16:38:10-05:00   92122bba4745dea5ea0fed17f76c82ef
snippets/mega-menu-featured-product.liquid:
  development: 2018-02-17T16:38:10-05:00   34b096e5b8dd468986a9a76f5e4cbd27
snippets/mega-menu-product-grid.liquid:
  development: 2018-02-17T16:38:10-05:00   67fb5b5c506fabdbdbcd4611173a402d
snippets/mega-menu.liquid:
  development: 2018-02-17T16:38:10-05:00   6cdc534bec6397d31d1ee44d3bbfa28a
snippets/menu-featured-product.liquid:
  development: 2018-02-17T16:38:10-05:00   6d6ebda04cc50c10c3d885ebff83f6d5
snippets/message-modal.liquid:
  development: 2018-02-17T16:38:10-05:00   15104d3d959ff2f686f65620a623fdf0
snippets/multi-dropdown-menu.liquid:
  development: 2018-02-17T16:38:10-05:00   9e8964a1d63654c8c65d5cd248f1a2ae
snippets/multilang.liquid:
  development: 2018-02-17T16:38:10-05:00   e77d296158e330b22ff724347d381397
snippets/new-currency-picker.liquid:
  development: 2018-02-17T16:38:10-05:00   3524006aeab3c047d6f82a0bf6d11dfa
snippets/new-currency.liquid:
  development: 2018-02-17T16:38:10-05:00   93d278165d38efd1321e01981a6f5a0a
snippets/newsletter-form.liquid:
  development: 2018-02-17T16:38:10-05:00   9fd53cb805dc769a31a9526260221caa
snippets/newsletter.liquid:
  development: 2018-02-17T16:38:10-05:00   993cd5cfa1d4029a54e9e68397389c21
snippets/pagination-page.liquid:
  development: 2018-02-17T16:38:10-05:00   b7bd996f63b562f0d15bf91039469e29
snippets/pagination.liquid:
  development: 2018-02-17T16:38:10-05:00   2043447a0080b81648466cc9c5cf97f7
snippets/payment_methods.liquid:
  development: 2018-02-17T16:38:10-05:00   bc8508467ccaf1ba072cb4acf060befb
snippets/placeholder-svg.liquid:
  development: 2018-02-17T16:38:10-05:00   9a61f91e30343ab196fd1d60e09e172e
snippets/product-grid-item-sidebar.liquid:
  development: 2018-02-17T16:38:10-05:00   e8a2a25e9c40fcd244d6c10f1797e45a
snippets/product-grid-item.liquid:
  development: 2018-02-17T16:38:10-05:00   3d3666918e011028790f2f7b69d6886a
snippets/product-list-item.liquid:
  development: 2018-02-17T16:38:10-05:00   897fa39d369e669cf1fed28f8b63d4bd
snippets/product-sidebar.liquid:
  development: 2018-02-17T16:38:10-05:00   b35f3fb77318f2be1761c99741a8f427
snippets/product-tab-horizontal.liquid:
  development: 2018-02-17T16:38:10-05:00   0261dd6341d797df8ab2198b676a8d29
snippets/product-tab-vertical.liquid:
  development: 2018-02-17T16:38:10-05:00   0e858f4da70d047588097dd08c025b42
snippets/quick-view-template.liquid:
  development: 2018-02-17T16:38:11-05:00   787ffe502429ffacfe3a8a2802556eeb
snippets/recently-viewed-products.liquid:
  development: 2018-02-17T16:38:11-05:00   7db7a847d6997db7753224385a5d228a
snippets/related-products-by-tags.liquid:
  development: 2018-02-17T16:38:11-05:00   2b17e792aab58d9b58bfd47049b1f96c
snippets/related-products.liquid:
  development: 2018-02-17T16:38:11-05:00   9e8ed706b11e1c70ca742f742a7abc23
snippets/sc-cp-5198-json-cleaner.liquid:
  development: 2018-02-17T16:38:11-05:00   d8c126a59ed00606d81716d22cf70156
snippets/sc-cp-boldcsp-helper.liquid:
  development: 2018-02-17T16:38:11-05:00   0aca142b49859c6fabf6c9e954acf204
snippets/search-autocomplete.liquid:
  development: 2018-02-17T16:38:11-05:00   37ccb72e368c6447189e5b9fef7d9b44
snippets/search-bar.liquid:
  development: 2018-02-17T16:38:11-05:00   897dfcc0681a7b3b850a1e69501d6863
snippets/search-result-grid.liquid:
  development: 2018-02-17T16:38:11-05:00   bc8c59a92d213e78388a058d7febb681
snippets/search-result.liquid:
  development: 2018-02-17T16:38:11-05:00   840fb766198d2d21935fb6bf5996a2fa
snippets/share.liquid:
  development: 2018-02-17T16:38:11-05:00   c765e6fda39f9e2574158e3659ba0bb2
snippets/shipping-rates-calculator.liquid:
  development: 2018-02-17T16:38:11-05:00   bb88771ff65bd47194326f8102de8a2e
snippets/shortcode-render.liquid:
  development: 2018-02-17T16:38:11-05:00   a694556b9be9484e2905bb8818b015ef
snippets/site-nav.liquid:
  development: 2018-02-17T16:38:11-05:00   a77679c0590634b24033d788d10c5b99
snippets/social-media.liquid:
  development: 2018-02-17T16:38:11-05:00   53707e5219263695c63424af8a0215b6
snippets/swatch.liquid:
  development: 2018-02-17T16:38:11-05:00   f7d8c37696c409d0f0667a761467ae94
snippets/swatch_scripts.liquid:
  development: 2018-02-17T16:38:11-05:00   165c736f88f421df154a6e3181673426
snippets/sweettooth-tab-widget.liquid:
  development: 2018-02-17T16:38:11-05:00   45c64f5bd8c87838fb1091a78a2c44e0
snippets/sweettooth-widgets.liquid:
  development: 2018-02-17T16:38:11-05:00   895c223d2368414d57a3ce9b05bcaea5
snippets/tags-article.liquid:
  development: 2018-02-17T16:38:11-05:00   37d5bbd00533ac168de20610a919d970
snippets/toolbar-list.liquid:
  development: 2018-02-17T16:38:11-05:00   aa20eee2c1c6006441a9d6a401ca494a
snippets/toolbar.liquid:
  development: 2018-02-17T16:38:11-05:00   b1347b7a4e12a11c11059708596af318
snippets/translator.liquid:
  development: 2018-02-17T16:38:11-05:00   00228de5804f0c0612f6e577475e2fd7
snippets/twitter-card.liquid:
  development: 2018-02-17T16:38:11-05:00   6584fb23660371fdc402f1d25a33e6db
snippets/varies_from.liquid:
  development: 2018-02-17T16:38:12-05:00   dd72ff5f676334d6efd059674faa58cc
snippets/widget_article.liquid:
  development: 2018-02-17T16:38:12-05:00   d5a7d62d6ed75c723d4972143c2759fb
snippets/wishlist-page.liquid:
  development: 2018-02-17T16:38:12-05:00   3243c25147f4c3b5e74a8f9ddb22a27b
snippets/wishlist-product-search.liquid:
  development: 2018-02-17T16:38:12-05:00   30c13c040bd2e2a782cd72a38c1724f5
snippets/wishlist-product.liquid:
  development: 2018-02-17T16:38:12-05:00   6f674f8f4b7a189a749a437663ebb98e
templates/404.liquid:
  development: 2018-02-17T16:38:12-05:00   419696c7a5539b2643355747df9a41ca
templates/article.liquid:
  development: 2018-02-17T16:38:12-05:00   1cd698f418960487aac5e7706f6b7305
templates/blog.liquid:
  development: 2018-02-17T16:38:12-05:00   781d56a0a635f10fedb5d2dd69f8016d
templates/cart.liquid:
  development: 2018-02-17T16:38:12-05:00   2154b4a2eb15f62a6abd754bee0bc74a
templates/collection.16.liquid:
  development: 2018-02-17T16:38:12-05:00   a1cea6d64097736993fb95a621946a9a
templates/collection.32.liquid:
  development: 2018-02-17T16:38:12-05:00   f9d52c536251b62d88214ff56e5ec2f8
templates/collection.all.liquid:
  development: 2018-02-17T16:38:12-05:00   02ebe6bf2c73c9a65c76bc15fb0e30cb
templates/collection.liquid:
  development: 2018-02-17T16:38:12-05:00   a1cea6d64097736993fb95a621946a9a
templates/collection.list.liquid:
  development: 2018-02-17T16:38:12-05:00   b9f2f8a0a71deb0d3d70e8786f4012a9
templates/collection.list12.liquid:
  development: 2018-02-17T16:38:12-05:00   690df52f0e3ee3ad6cfce643fb23be28
templates/collection.list16.liquid:
  development: 2018-02-17T16:38:12-05:00   c1da97f8ad9464394044517b6eab4f74
templates/collection.list32.liquid:
  development: 2018-02-17T16:38:12-05:00   f944e2733d5f3156606caa8d58652207
templates/collection.listall.liquid:
  development: 2018-02-17T16:38:12-05:00   e3d707f1948cf05b25e5de0648528783
templates/collection.sc-cp-5198.liquid:
  development: 2018-02-17T16:38:12-05:00   4e78b17017ebfce6e47381d157a550ba
templates/customers/account.liquid:
  development: 2018-02-17T16:38:12-05:00   74fcbfe001f9be022a366e86a98e88a9
templates/customers/activate_account.liquid:
  development: 2018-02-17T16:38:12-05:00   5ac41490c6ce943e93e7e5ca16f837b7
templates/customers/addresses.liquid:
  development: 2018-02-17T16:38:12-05:00   51648d3d53847cf8777116396c054e15
templates/customers/login.customeredit.liquid:
  development: 2018-02-17T16:38:12-05:00   a644639857a07bad5c284c3939c97aa4
templates/customers/login.liquid:
  development: 2018-02-17T16:38:13-05:00   acd08e5743463c8610f4f07e540fb5f0
templates/customers/order.liquid:
  development: 2018-02-17T16:38:13-05:00   fedc5d29e15ed34413607528f535477b
templates/customers/register.liquid:
  development: 2018-02-17T16:38:13-05:00   314fe8c72633cb2137a72bef7486e15c
templates/customers/reset_password.liquid:
  development: 2018-02-17T16:38:13-05:00   da9f579f4095c29a67dc9600e90f0939
templates/index.liquid:
  development: 2018-02-17T16:38:13-05:00   034564da719f1f503f71c6638210c15a
templates/list-collections.liquid:
  development: 2018-02-17T16:38:13-05:00   eb8f49206a890e77d460bede0e9a7ed9
templates/page.contact.liquid:
  development: 2018-02-17T16:38:13-05:00   dce73fc9c6234a2fa3b5d7084a748903
templates/page.faqs.liquid:
  development: 2018-02-17T16:38:13-05:00   88c02498ec871fac4596f8153bc31f8e
templates/page.liquid:
  development: 2018-02-17T16:38:13-05:00   9b7b35dbe74f7051d77e0d7e704dffb3
templates/page.lookbook.liquid:
  development: 2018-02-17T16:38:13-05:00   356de84dc646bcbac5c9cf2ec1d76aaf
templates/page.wish-list.liquid:
  development: 2018-02-17T16:38:13-05:00   e60d0cb9269ec5e3a2e92466d368332b
templates/product.liquid:
  development: 2018-02-19T16:17:19-05:00   ecf275670f6696ef59041089e7b1db3f
templates/search.json.liquid:
  development: 2018-02-17T16:38:13-05:00   f6b118fd2f5ec5dd161565ff88b59b6a
templates/search.liquid:
  development: 2018-02-17T16:38:13-05:00   299e5901213081e6478be7bcf805cbf6
templates/search.sc-cp-5198.liquid:
  development: 2018-02-17T16:38:13-05:00   e39ec2c2082821b7b780ae04e83ac95f
